// !$*UTF8*$!
{
	archiveVersion = 1;
	classes = {
	};
	objectVersion = 46;
	objects = {

/* Begin PBXBuildFile section */
		06FBDA626CA0051F0D6B23C2 /* DiscRecording.framework */ = {isa = PBXBuildFile; fileRef = 3A526E170CC4829C16B08E43; };
		0EFF2DCCB432E3F5577733E9 /* include_juce_audio_processors_ara.cpp */ = {isa = PBXBuildFile; fileRef = 873BD9224C57D32B4A3657F4; };
		24E28DDBD4BB07D9B42EFABB /* LayerControlComponent.cpp */ = {isa = PBXBuildFile; fileRef = 3A53A6E2EFA1C22E2CF53FA4; };
		29A8573C0300D24D4848B305 /* LayerViewPortComponent.cpp */ = {isa = PBXBuildFile; fileRef = 4DFDE09417EE343F1A6DF33B; };
		2A0E3417B0CADA4B72550862 /* Metal.framework */ = {isa = PBXBuildFile; fileRef = E65B2BA3EFB81D61DDD7F18B; settings = { ATTRIBUTES = (Weak, ); }; };
		311FAAB302499FFE2990D4B3 /* include_juce_gui_basics.mm */ = {isa = PBXBuildFile; fileRef = 2215FB3D88D3B1F900ECBD5F; };
		34F904BDB37A1C21B1325D01 /* include_juce_audio_processors.mm */ = {isa = PBXBuildFile; fileRef = 5A36039467A90A73B29441A2; };
		38F6A40E360CC106CC2EEFF7 /* AudioToolbox.framework */ = {isa = PBXBuildFile; fileRef = DF10792AE5579029513BAC48; };
		3986214DA243E681B2EB3885 /* QuartzCore.framework */ = {isa = PBXBuildFile; fileRef = C3A72577C3B517F5D9B45D88; };
		3B5FFB856C166A587586D4F6 /* include_juce_audio_formats.mm */ = {isa = PBXBuildFile; fileRef = 0E24F5FF5E4FD8777CFB049A; };
		4506E93275C4206950A6A322 /* Foundation.framework */ = {isa = PBXBuildFile; fileRef = E9C29F45B14F1614BC264875; };
		48EC6693710EAE6ADBA609B6 /* CoreMIDI.framework */ = {isa = PBXBuildFile; fileRef = 244EF5FB0131DB599AECAD68; };
		54AC3B64969B0537B3574269 /* LayerWaveComponent.cpp */ = {isa = PBXBuildFile; fileRef = 0B3E36B149316AC645664335; };
		554C96A03CACE947D6795F18 /* LayerComponent.cpp */ = {isa = PBXBuildFile; fileRef = 16D781EF007FD612CFBD9A52; };
		5EB07D67AF7247E6964E93FA /* include_juce_events.mm */ = {isa = PBXBuildFile; fileRef = 9BAD30A76DB07A04FA179C82; };
		625699A70D44BA7489474F6F /* include_juce_audio_processors_lv2_libs.cpp */ = {isa = PBXBuildFile; fileRef = 3E5E5BAE04AA7AF190B96A72; };
		6F504DB0B4C701CB37680394 /* CoreAudio.framework */ = {isa = PBXBuildFile; fileRef = BBA3871A2053F97674D1785A; };
		78D7CACF9C8A5576540B2AFA /* RecentFilesMenuTemplate.nib */ = {isa = PBXBuildFile; fileRef = 5FAEFB2A6D17568466033621; };
		7ABCEC7FDBAA25889C06EF7F /* ControlBarComponent.cpp */ = {isa = PBXBuildFile; fileRef = 210FA09A1FF9EF2E85B0DA0D; };
		826A76ADFD369CCE634752AB /* include_juce_core.mm */ = {isa = PBXBuildFile; fileRef = 8CB2F9E03B6F9A2CF0E6DE78; };
		A39B8C384FA8480E40620895 /* App */ = {isa = PBXBuildFile; fileRef = 5B6488BE1848A6077D843D9D; };
		A8A25BAFA314DDBF79614BCC /* CoreAudioKit.framework */ = {isa = PBXBuildFile; fileRef = 5A7F774A26229E16CFEEC908; };
		AA47BA8DB257C94EF5BD0083 /* LayersContainerComponent.cpp */ = {isa = PBXBuildFile; fileRef = 52B2C88E5E24946ADDB72C2A; };
		ACA37610ADD0CA78A7F79920 /* include_juce_data_structures.mm */ = {isa = PBXBuildFile; fileRef = 1E86F2B9103EDA12C4831B3E; };
		AD0C8BF884E28727989C3AC4 /* include_juce_audio_devices.mm */ = {isa = PBXBuildFile; fileRef = DDD894C9F2185A15DDD55F49; };
		AE272BB39990AE8A1F366923 /* include_juce_gui_extra.mm */ = {isa = PBXBuildFile; fileRef = 704FB4038430F503FDB1D0D6; };
		B1356452226E67E95E56DF72 /* MetalKit.framework */ = {isa = PBXBuildFile; fileRef = 87068BD23D8D1C5D0C6EFB71; settings = { ATTRIBUTES = (Weak, ); }; };
		CE0E9141570A89DBF1474676 /* Cocoa.framework */ = {isa = PBXBuildFile; fileRef = 6DCDC23E318EE26D4ECAD5C3; };
		D03C0A602F57D082FA99674A /* include_juce_audio_basics.mm */ = {isa = PBXBuildFile; fileRef = 7B1E2E9A26AE8CA22D68E4CC; };
		D1A641A3FD11459F7551629C /* MainComponent.cpp */ = {isa = PBXBuildFile; fileRef = 074EED2E2A03EABED5D704E0; };
		E4E67FDC283252FF34241CED /* WebKit.framework */ = {isa = PBXBuildFile; fileRef = 34E40C76A2DD2FD9D8B3EED2; };
		E4F064BEE65E81F7801541CB /* include_juce_audio_utils.mm */ = {isa = PBXBuildFile; fileRef = 507D30736CE98D16AE15BD7B; };
		E503A3E888071ECA13747DE8 /* Accelerate.framework */ = {isa = PBXBuildFile; fileRef = B151A660EC73FBF7BB438C84; };
		EEDBFE1ED160A185DC149E86 /* Security.framework */ = {isa = PBXBuildFile; fileRef = EF9536E9BC43CBCB42D6F272; };
		F1831D7735358643C56E18BB /* Main.cpp */ = {isa = PBXBuildFile; fileRef = F1462F42E3CA2BA1A42B3DA8; };
		FCEC66A660CE3C33269D575B /* include_juce_graphics.mm */ = {isa = PBXBuildFile; fileRef = 5C55FA47669739E84AC8E1FB; };
		FDE879F4DAD36A19352E864A /* IOKit.framework */ = {isa = PBXBuildFile; fileRef = E211F830476FFE7814F73E66; };
/* End PBXBuildFile section */

/* Begin PBXFileReference section */
		074EED2E2A03EABED5D704E0 /* MainComponent.cpp */ /* MainComponent.cpp */ = {isa = PBXFileReference; lastKnownFileType = sourcecode.cpp.cpp; name = MainComponent.cpp; path = ../../Source/MainComponent.cpp; sourceTree = SOURCE_ROOT; };
		0B3E36B149316AC645664335 /* LayerWaveComponent.cpp */ /* LayerWaveComponent.cpp */ = {isa = PBXFileReference; lastKnownFileType = sourcecode.cpp.cpp; name = LayerWaveComponent.cpp; path = ../../Source/LayerWaveComponent.cpp; sourceTree = SOURCE_ROOT; };
		0CDE799B3D1FC71416A437BD /* LayerWaveComponent.h */ /* LayerWaveComponent.h */ = {isa = PBXFileReference; lastKnownFileType = sourcecode.c.h; name = LayerWaveComponent.h; path = ../../Source/LayerWaveComponent.h; sourceTree = SOURCE_ROOT; };
		0E24F5FF5E4FD8777CFB049A /* include_juce_audio_formats.mm */ /* include_juce_audio_formats.mm */ = {isa = PBXFileReference; lastKnownFileType = sourcecode.cpp.objcpp; name = include_juce_audio_formats.mm; path = ../../JuceLibraryCode/include_juce_audio_formats.mm; sourceTree = SOURCE_ROOT; };
		16D781EF007FD612CFBD9A52 /* LayerComponent.cpp */ /* LayerComponent.cpp */ = {isa = PBXFileReference; lastKnownFileType = sourcecode.cpp.cpp; name = LayerComponent.cpp; path = ../../Source/LayerComponent.cpp; sourceTree = SOURCE_ROOT; };
		1D7F123D418AD86E9CA5274D /* juce_audio_basics */ /* juce_audio_basics */ = {isa = PBXFileReference; lastKnownFileType = folder; name = juce_audio_basics; path = /Users/klaasklee/DATA/GitHub/audioLayersJUCE/JUCE/modules/juce_audio_basics; sourceTree = "<absolute>"; };
		1E86F2B9103EDA12C4831B3E /* include_juce_data_structures.mm */ /* include_juce_data_structures.mm */ = {isa = PBXFileReference; lastKnownFileType = sourcecode.cpp.objcpp; name = include_juce_data_structures.mm; path = ../../JuceLibraryCode/include_juce_data_structures.mm; sourceTree = SOURCE_ROOT; };
		210FA09A1FF9EF2E85B0DA0D /* ControlBarComponent.cpp */ /* ControlBarComponent.cpp */ = {isa = PBXFileReference; lastKnownFileType = sourcecode.cpp.cpp; name = ControlBarComponent.cpp; path = ../../Source/ControlBarComponent.cpp; sourceTree = SOURCE_ROOT; };
		2215FB3D88D3B1F900ECBD5F /* include_juce_gui_basics.mm */ /* include_juce_gui_basics.mm */ = {isa = PBXFileReference; lastKnownFileType = sourcecode.cpp.objcpp; name = include_juce_gui_basics.mm; path = ../../JuceLibraryCode/include_juce_gui_basics.mm; sourceTree = SOURCE_ROOT; };
		244EF5FB0131DB599AECAD68 /* CoreMIDI.framework */ /* CoreMIDI.framework */ = {isa = PBXFileReference; lastKnownFileType = wrapper.framework; name = CoreMIDI.framework; path = System/Library/Frameworks/CoreMIDI.framework; sourceTree = SDKROOT; };
		2458B591D8745B2F0880812C /* juce_audio_utils */ /* juce_audio_utils */ = {isa = PBXFileReference; lastKnownFileType = folder; name = juce_audio_utils; path = /Users/klaasklee/DATA/GitHub/audioLayersJUCE/JUCE/modules/juce_audio_utils; sourceTree = "<absolute>"; };
		24AD5BEBB357E50EFD6F162A /* LayersContainerComponent.h */ /* LayersContainerComponent.h */ = {isa = PBXFileReference; lastKnownFileType = sourcecode.c.h; name = LayersContainerComponent.h; path = ../../Source/LayersContainerComponent.h; sourceTree = SOURCE_ROOT; };
		2C17D6B239C391136142BF37 /* LayerControlComponent.h */ /* LayerControlComponent.h */ = {isa = PBXFileReference; lastKnownFileType = sourcecode.c.h; name = LayerControlComponent.h; path = ../../Source/LayerControlComponent.h; sourceTree = SOURCE_ROOT; };
		34E40C76A2DD2FD9D8B3EED2 /* WebKit.framework */ /* WebKit.framework */ = {isa = PBXFileReference; lastKnownFileType = wrapper.framework; name = WebKit.framework; path = System/Library/Frameworks/WebKit.framework; sourceTree = SDKROOT; };
		3A526E170CC4829C16B08E43 /* DiscRecording.framework */ /* DiscRecording.framework */ = {isa = PBXFileReference; lastKnownFileType = wrapper.framework; name = DiscRecording.framework; path = System/Library/Frameworks/DiscRecording.framework; sourceTree = SDKROOT; };
		3A53A6E2EFA1C22E2CF53FA4 /* LayerControlComponent.cpp */ /* LayerControlComponent.cpp */ = {isa = PBXFileReference; lastKnownFileType = sourcecode.cpp.cpp; name = LayerControlComponent.cpp; path = ../../Source/LayerControlComponent.cpp; sourceTree = SOURCE_ROOT; };
		3E5E5BAE04AA7AF190B96A72 /* include_juce_audio_processors_lv2_libs.cpp */ /* include_juce_audio_processors_lv2_libs.cpp */ = {isa = PBXFileReference; lastKnownFileType = sourcecode.cpp.cpp; name = include_juce_audio_processors_lv2_libs.cpp; path = ../../JuceLibraryCode/include_juce_audio_processors_lv2_libs.cpp; sourceTree = SOURCE_ROOT; };
		4507532E959A1BEF68B34A6E /* JuceHeader.h */ /* JuceHeader.h */ = {isa = PBXFileReference; lastKnownFileType = sourcecode.c.h; name = JuceHeader.h; path = ../../JuceLibraryCode/JuceHeader.h; sourceTree = SOURCE_ROOT; };
		4D6EDFC2F697872AFBF99971 /* juce_core */ /* juce_core */ = {isa = PBXFileReference; lastKnownFileType = folder; name = juce_core; path = /Users/klaasklee/DATA/GitHub/audioLayersJUCE/JUCE/modules/juce_core; sourceTree = "<absolute>"; };
		4DFDE09417EE343F1A6DF33B /* LayerViewPortComponent.cpp */ /* LayerViewPortComponent.cpp */ = {isa = PBXFileReference; lastKnownFileType = sourcecode.cpp.cpp; name = LayerViewPortComponent.cpp; path = ../../Source/LayerViewPortComponent.cpp; sourceTree = SOURCE_ROOT; };
		507D30736CE98D16AE15BD7B /* include_juce_audio_utils.mm */ /* include_juce_audio_utils.mm */ = {isa = PBXFileReference; lastKnownFileType = sourcecode.cpp.objcpp; name = include_juce_audio_utils.mm; path = ../../JuceLibraryCode/include_juce_audio_utils.mm; sourceTree = SOURCE_ROOT; };
		513C9E5825DF1B14837604E0 /* juce_gui_basics */ /* juce_gui_basics */ = {isa = PBXFileReference; lastKnownFileType = folder; name = juce_gui_basics; path = /Users/klaasklee/DATA/GitHub/audioLayersJUCE/JUCE/modules/juce_gui_basics; sourceTree = "<absolute>"; };
		52B2C88E5E24946ADDB72C2A /* LayersContainerComponent.cpp */ /* LayersContainerComponent.cpp */ = {isa = PBXFileReference; lastKnownFileType = sourcecode.cpp.cpp; name = LayersContainerComponent.cpp; path = ../../Source/LayersContainerComponent.cpp; sourceTree = SOURCE_ROOT; };
		5A36039467A90A73B29441A2 /* include_juce_audio_processors.mm */ /* include_juce_audio_processors.mm */ = {isa = PBXFileReference; lastKnownFileType = sourcecode.cpp.objcpp; name = include_juce_audio_processors.mm; path = ../../JuceLibraryCode/include_juce_audio_processors.mm; sourceTree = SOURCE_ROOT; };
		5A7F774A26229E16CFEEC908 /* CoreAudioKit.framework */ /* CoreAudioKit.framework */ = {isa = PBXFileReference; lastKnownFileType = wrapper.framework; name = CoreAudioKit.framework; path = System/Library/Frameworks/CoreAudioKit.framework; sourceTree = SDKROOT; };
		5B6488BE1848A6077D843D9D /* App */ = {isa = PBXFileReference; explicitFileType = wrapper.application; includeInIndex = 0; path = AudioLayers_v0.1.app; sourceTree = BUILT_PRODUCTS_DIR; };
		5C55FA47669739E84AC8E1FB /* include_juce_graphics.mm */ /* include_juce_graphics.mm */ = {isa = PBXFileReference; lastKnownFileType = sourcecode.cpp.objcpp; name = include_juce_graphics.mm; path = ../../JuceLibraryCode/include_juce_graphics.mm; sourceTree = SOURCE_ROOT; };
		5FAEFB2A6D17568466033621 /* RecentFilesMenuTemplate.nib */ /* RecentFilesMenuTemplate.nib */ = {isa = PBXFileReference; lastKnownFileType = file.nib; name = RecentFilesMenuTemplate.nib; path = RecentFilesMenuTemplate.nib; sourceTree = SOURCE_ROOT; };
		6DCDC23E318EE26D4ECAD5C3 /* Cocoa.framework */ /* Cocoa.framework */ = {isa = PBXFileReference; lastKnownFileType = wrapper.framework; name = Cocoa.framework; path = System/Library/Frameworks/Cocoa.framework; sourceTree = SDKROOT; };
		704FB4038430F503FDB1D0D6 /* include_juce_gui_extra.mm */ /* include_juce_gui_extra.mm */ = {isa = PBXFileReference; lastKnownFileType = sourcecode.cpp.objcpp; name = include_juce_gui_extra.mm; path = ../../JuceLibraryCode/include_juce_gui_extra.mm; sourceTree = SOURCE_ROOT; };
		75EA73DCE355CA62EA358D0F /* ControlBarComponent.h */ /* ControlBarComponent.h */ = {isa = PBXFileReference; lastKnownFileType = sourcecode.c.h; name = ControlBarComponent.h; path = ../../Source/ControlBarComponent.h; sourceTree = SOURCE_ROOT; };
		7B1E2E9A26AE8CA22D68E4CC /* include_juce_audio_basics.mm */ /* include_juce_audio_basics.mm */ = {isa = PBXFileReference; lastKnownFileType = sourcecode.cpp.objcpp; name = include_juce_audio_basics.mm; path = ../../JuceLibraryCode/include_juce_audio_basics.mm; sourceTree = SOURCE_ROOT; };
		87068BD23D8D1C5D0C6EFB71 /* MetalKit.framework */ /* MetalKit.framework */ = {isa = PBXFileReference; lastKnownFileType = wrapper.framework; name = MetalKit.framework; path = System/Library/Frameworks/MetalKit.framework; sourceTree = SDKROOT; };
		873BD9224C57D32B4A3657F4 /* include_juce_audio_processors_ara.cpp */ /* include_juce_audio_processors_ara.cpp */ = {isa = PBXFileReference; lastKnownFileType = sourcecode.cpp.cpp; name = include_juce_audio_processors_ara.cpp; path = ../../JuceLibraryCode/include_juce_audio_processors_ara.cpp; sourceTree = SOURCE_ROOT; };
		8CB2F9E03B6F9A2CF0E6DE78 /* include_juce_core.mm */ /* include_juce_core.mm */ = {isa = PBXFileReference; lastKnownFileType = sourcecode.cpp.objcpp; name = include_juce_core.mm; path = ../../JuceLibraryCode/include_juce_core.mm; sourceTree = SOURCE_ROOT; };
		96C1EE57DB2C874B246D1F06 /* LayerViewPortComponent.h */ /* LayerViewPortComponent.h */ = {isa = PBXFileReference; lastKnownFileType = sourcecode.c.h; name = LayerViewPortComponent.h; path = ../../Source/LayerViewPortComponent.h; sourceTree = SOURCE_ROOT; };
		9BAD30A76DB07A04FA179C82 /* include_juce_events.mm */ /* include_juce_events.mm */ = {isa = PBXFileReference; lastKnownFileType = sourcecode.cpp.objcpp; name = include_juce_events.mm; path = ../../JuceLibraryCode/include_juce_events.mm; sourceTree = SOURCE_ROOT; };
		A3F508FB4CD293BF80C9EB36 /* juce_gui_extra */ /* juce_gui_extra */ = {isa = PBXFileReference; lastKnownFileType = folder; name = juce_gui_extra; path = /Users/klaasklee/DATA/GitHub/audioLayersJUCE/JUCE/modules/juce_gui_extra; sourceTree = "<absolute>"; };
		A3F81D4C6D15FA80EF0B6B8B /* juce_audio_processors */ /* juce_audio_processors */ = {isa = PBXFileReference; lastKnownFileType = folder; name = juce_audio_processors; path = /Users/klaasklee/DATA/GitHub/audioLayersJUCE/JUCE/modules/juce_audio_processors; sourceTree = "<absolute>"; };
		A60FDBA706DE05AECB8CF97D /* LayerComponent.h */ /* LayerComponent.h */ = {isa = PBXFileReference; lastKnownFileType = sourcecode.c.h; name = LayerComponent.h; path = ../../Source/LayerComponent.h; sourceTree = SOURCE_ROOT; };
		B151A660EC73FBF7BB438C84 /* Accelerate.framework */ /* Accelerate.framework */ = {isa = PBXFileReference; lastKnownFileType = wrapper.framework; name = Accelerate.framework; path = System/Library/Frameworks/Accelerate.framework; sourceTree = SDKROOT; };
		BBA3871A2053F97674D1785A /* CoreAudio.framework */ /* CoreAudio.framework */ = {isa = PBXFileReference; lastKnownFileType = wrapper.framework; name = CoreAudio.framework; path = System/Library/Frameworks/CoreAudio.framework; sourceTree = SDKROOT; };
		C3A72577C3B517F5D9B45D88 /* QuartzCore.framework */ /* QuartzCore.framework */ = {isa = PBXFileReference; lastKnownFileType = wrapper.framework; name = QuartzCore.framework; path = System/Library/Frameworks/QuartzCore.framework; sourceTree = SDKROOT; };
		CCDDE73035260B58D12DF8F7 /* MainComponent.h */ /* MainComponent.h */ = {isa = PBXFileReference; lastKnownFileType = sourcecode.c.h; name = MainComponent.h; path = ../../Source/MainComponent.h; sourceTree = SOURCE_ROOT; };
		D3133DCC94005135498631AE /* juce_graphics */ /* juce_graphics */ = {isa = PBXFileReference; lastKnownFileType = folder; name = juce_graphics; path = /Users/klaasklee/DATA/GitHub/audioLayersJUCE/JUCE/modules/juce_graphics; sourceTree = "<absolute>"; };
		DDD894C9F2185A15DDD55F49 /* include_juce_audio_devices.mm */ /* include_juce_audio_devices.mm */ = {isa = PBXFileReference; lastKnownFileType = sourcecode.cpp.objcpp; name = include_juce_audio_devices.mm; path = ../../JuceLibraryCode/include_juce_audio_devices.mm; sourceTree = SOURCE_ROOT; };
		DF10792AE5579029513BAC48 /* AudioToolbox.framework */ /* AudioToolbox.framework */ = {isa = PBXFileReference; lastKnownFileType = wrapper.framework; name = AudioToolbox.framework; path = System/Library/Frameworks/AudioToolbox.framework; sourceTree = SDKROOT; };
		E1E900CB7056B06DF03E79F1 /* Globals.h */ /* Globals.h */ = {isa = PBXFileReference; lastKnownFileType = sourcecode.c.h; name = Globals.h; path = ../../Source/Globals.h; sourceTree = SOURCE_ROOT; };
		E211F830476FFE7814F73E66 /* IOKit.framework */ /* IOKit.framework */ = {isa = PBXFileReference; lastKnownFileType = wrapper.framework; name = IOKit.framework; path = System/Library/Frameworks/IOKit.framework; sourceTree = SDKROOT; };
		E65B2BA3EFB81D61DDD7F18B /* Metal.framework */ /* Metal.framework */ = {isa = PBXFileReference; lastKnownFileType = wrapper.framework; name = Metal.framework; path = System/Library/Frameworks/Metal.framework; sourceTree = SDKROOT; };
		E854883E12A1770D63CC329C /* juce_data_structures */ /* juce_data_structures */ = {isa = PBXFileReference; lastKnownFileType = folder; name = juce_data_structures; path = /Users/klaasklee/DATA/GitHub/audioLayersJUCE/JUCE/modules/juce_data_structures; sourceTree = "<absolute>"; };
		E9C29F45B14F1614BC264875 /* Foundation.framework */ /* Foundation.framework */ = {isa = PBXFileReference; lastKnownFileType = wrapper.framework; name = Foundation.framework; path = System/Library/Frameworks/Foundation.framework; sourceTree = SDKROOT; };
		EA854A2E84F91A10AAE6424A /* juce_audio_devices */ /* juce_audio_devices */ = {isa = PBXFileReference; lastKnownFileType = folder; name = juce_audio_devices; path = /Users/klaasklee/DATA/GitHub/audioLayersJUCE/JUCE/modules/juce_audio_devices; sourceTree = "<absolute>"; };
		EF9536E9BC43CBCB42D6F272 /* Security.framework */ /* Security.framework */ = {isa = PBXFileReference; lastKnownFileType = wrapper.framework; name = Security.framework; path = System/Library/Frameworks/Security.framework; sourceTree = SDKROOT; };
		F1462F42E3CA2BA1A42B3DA8 /* Main.cpp */ /* Main.cpp */ = {isa = PBXFileReference; lastKnownFileType = sourcecode.cpp.cpp; name = Main.cpp; path = ../../Source/Main.cpp; sourceTree = SOURCE_ROOT; };
		F67CA12C1F831869041CBC5C /* juce_events */ /* juce_events */ = {isa = PBXFileReference; lastKnownFileType = folder; name = juce_events; path = /Users/klaasklee/DATA/GitHub/audioLayersJUCE/JUCE/modules/juce_events; sourceTree = "<absolute>"; };
		F69FAEEF998496454F2718CE /* Info-App.plist */ /* Info-App.plist */ = {isa = PBXFileReference; lastKnownFileType = text.plist.xml; name = "Info-App.plist"; path = "Info-App.plist"; sourceTree = SOURCE_ROOT; };
		F9217C14CBBA1FF1B558D84C /* juce_audio_formats */ /* juce_audio_formats */ = {isa = PBXFileReference; lastKnownFileType = folder; name = juce_audio_formats; path = /Users/klaasklee/DATA/GitHub/audioLayersJUCE/JUCE/modules/juce_audio_formats; sourceTree = "<absolute>"; };
/* End PBXFileReference section */

/* Begin PBXFrameworksBuildPhase section */
		7EF6158278DAADECC4A7680D = {
			isa = PBXFrameworksBuildPhase;
			buildActionMask = 2147483647;
			files = (
				E503A3E888071ECA13747DE8,
				38F6A40E360CC106CC2EEFF7,
				CE0E9141570A89DBF1474676,
				6F504DB0B4C701CB37680394,
				A8A25BAFA314DDBF79614BCC,
				48EC6693710EAE6ADBA609B6,
				06FBDA626CA0051F0D6B23C2,
				4506E93275C4206950A6A322,
				FDE879F4DAD36A19352E864A,
				3986214DA243E681B2EB3885,
				EEDBFE1ED160A185DC149E86,
				E4E67FDC283252FF34241CED,
				2A0E3417B0CADA4B72550862,
				B1356452226E67E95E56DF72,
			);
			runOnlyForDeploymentPostprocessing = 0;
		};
/* End PBXFrameworksBuildPhase section */

/* Begin PBXGroup section */
		40AE0BFF99EAF338AE6509CA /* Resources */ = {
			isa = PBXGroup;
			children = (
				F69FAEEF998496454F2718CE,
				5FAEFB2A6D17568466033621,
			);
			name = Resources;
			sourceTree = "<group>";
		};
		5364310327CC0DA53FACCB26 /* Frameworks */ = {
			isa = PBXGroup;
			children = (
				B151A660EC73FBF7BB438C84,
				DF10792AE5579029513BAC48,
				6DCDC23E318EE26D4ECAD5C3,
				BBA3871A2053F97674D1785A,
				5A7F774A26229E16CFEEC908,
				244EF5FB0131DB599AECAD68,
				3A526E170CC4829C16B08E43,
				E9C29F45B14F1614BC264875,
				E211F830476FFE7814F73E66,
				C3A72577C3B517F5D9B45D88,
				EF9536E9BC43CBCB42D6F272,
				34E40C76A2DD2FD9D8B3EED2,
				E65B2BA3EFB81D61DDD7F18B,
				87068BD23D8D1C5D0C6EFB71,
			);
			name = Frameworks;
			sourceTree = "<group>";
		};
		5C44893509FB5F7D6E4F8060 /* Products */ = {
			isa = PBXGroup;
			children = (
				5B6488BE1848A6077D843D9D,
			);
			name = Products;
			sourceTree = "<group>";
		};
		9591894044A2EC7196441363 /* JUCE Modules */ = {
			isa = PBXGroup;
			children = (
				1D7F123D418AD86E9CA5274D,
				EA854A2E84F91A10AAE6424A,
				F9217C14CBBA1FF1B558D84C,
				A3F81D4C6D15FA80EF0B6B8B,
				2458B591D8745B2F0880812C,
				4D6EDFC2F697872AFBF99971,
				E854883E12A1770D63CC329C,
				F67CA12C1F831869041CBC5C,
				D3133DCC94005135498631AE,
				513C9E5825DF1B14837604E0,
				A3F508FB4CD293BF80C9EB36,
			);
			name = "JUCE Modules";
			sourceTree = "<group>";
		};
		A3EB53326B5F372C6DF5A2AE /* Source */ = {
			isa = PBXGroup;
			children = (
				E1E900CB7056B06DF03E79F1,
				F1462F42E3CA2BA1A42B3DA8,
				CCDDE73035260B58D12DF8F7,
				074EED2E2A03EABED5D704E0,
				75EA73DCE355CA62EA358D0F,
				210FA09A1FF9EF2E85B0DA0D,
				96C1EE57DB2C874B246D1F06,
				4DFDE09417EE343F1A6DF33B,
				24AD5BEBB357E50EFD6F162A,
				52B2C88E5E24946ADDB72C2A,
				A60FDBA706DE05AECB8CF97D,
				16D781EF007FD612CFBD9A52,
				2C17D6B239C391136142BF37,
				3A53A6E2EFA1C22E2CF53FA4,
				0CDE799B3D1FC71416A437BD,
				0B3E36B149316AC645664335,
			);
			name = Source;
			sourceTree = "<group>";
		};
		B1150E72AE22EBAC00792C0C /* Source */ = {
			isa = PBXGroup;
			children = (
				F923B9F744C90EDBA4E41FDB,
				9591894044A2EC7196441363,
				FD516517456B6A791863F2D9,
				40AE0BFF99EAF338AE6509CA,
				5364310327CC0DA53FACCB26,
				5C44893509FB5F7D6E4F8060,
			);
			name = Source;
			sourceTree = "<group>";
		};
		F923B9F744C90EDBA4E41FDB /* AudioLayers_v0.1 */ = {
			isa = PBXGroup;
			children = (
				A3EB53326B5F372C6DF5A2AE,
			);
			name = AudioLayers_v0.1;
			sourceTree = "<group>";
		};
		FD516517456B6A791863F2D9 /* JUCE Library Code */ = {
			isa = PBXGroup;
			children = (
				7B1E2E9A26AE8CA22D68E4CC,
				DDD894C9F2185A15DDD55F49,
				0E24F5FF5E4FD8777CFB049A,
				5A36039467A90A73B29441A2,
				873BD9224C57D32B4A3657F4,
				3E5E5BAE04AA7AF190B96A72,
				507D30736CE98D16AE15BD7B,
				8CB2F9E03B6F9A2CF0E6DE78,
				1E86F2B9103EDA12C4831B3E,
				9BAD30A76DB07A04FA179C82,
				5C55FA47669739E84AC8E1FB,
				2215FB3D88D3B1F900ECBD5F,
				704FB4038430F503FDB1D0D6,
				4507532E959A1BEF68B34A6E,
			);
			name = "JUCE Library Code";
			sourceTree = "<group>";
		};
/* End PBXGroup section */

/* Begin PBXNativeTarget section */
		BF60C27A43A1C0B9AC2C9A15 /* AudioLayers_v0.1 - App */ = {
			isa = PBXNativeTarget;
			buildConfigurationList = 06D7619B3872D35F85D37CB8;
			buildPhases = (
				CBB7B9F0EAE4C6BB4C782550,
				CEBAA6D51EED10D0900AEE70,
				7EF6158278DAADECC4A7680D,
			);
			buildRules = (
			);
			dependencies = (
			);
			name = "AudioLayers_v0.1 - App";
			productName = AudioLayers_v0.1;
			productReference = 5B6488BE1848A6077D843D9D;
			productType = "com.apple.product-type.application";
		};
/* End PBXNativeTarget section */

/* Begin PBXProject section */
		5A42375864A93ED490310674 = {
			isa = PBXProject;
			attributes = {
				BuildIndependentTargetsInParallel = YES;
				LastUpgradeCheck = 1340;
				ORGANIZATIONNAME = "";
				TargetAttributes = {
					BF60C27A43A1C0B9AC2C9A15 = {
						SystemCapabilities = {
							com.apple.ApplicationGroups.iOS = {
								enabled = 0;
							};
							com.apple.HardenedRuntime = {
								enabled = 0;
							};
							com.apple.InAppPurchase = {
								enabled = 0;
							};
							com.apple.InterAppAudio = {
								enabled = 0;
							};
							com.apple.Push = {
								enabled = 0;
							};
							com.apple.Sandbox = {
								enabled = 0;
							};
						};
					};
				};
			};
			buildConfigurationList = 82CFE7506F4FD4F84078D1E0;
			compatibilityVersion = "Xcode 3.2";
			hasScannedForEncodings = 0;
			knownRegions = (
				en,
				Base,
			);
			mainGroup = B1150E72AE22EBAC00792C0C;
			projectDirPath = "";
			projectRoot = "";
			targets = (
				BF60C27A43A1C0B9AC2C9A15,
			);
		};
/* End PBXProject section */

/* Begin PBXResourcesBuildPhase section */
		CBB7B9F0EAE4C6BB4C782550 = {
			isa = PBXResourcesBuildPhase;
			buildActionMask = 2147483647;
			files = (
				78D7CACF9C8A5576540B2AFA,
			);
			runOnlyForDeploymentPostprocessing = 0;
		};
/* End PBXResourcesBuildPhase section */

/* Begin PBXSourcesBuildPhase section */
		CEBAA6D51EED10D0900AEE70 = {
			isa = PBXSourcesBuildPhase;
			buildActionMask = 2147483647;
			files = (
				F1831D7735358643C56E18BB,
				D1A641A3FD11459F7551629C,
				7ABCEC7FDBAA25889C06EF7F,
				29A8573C0300D24D4848B305,
				AA47BA8DB257C94EF5BD0083,
				554C96A03CACE947D6795F18,
				24E28DDBD4BB07D9B42EFABB,
				54AC3B64969B0537B3574269,
				D03C0A602F57D082FA99674A,
				AD0C8BF884E28727989C3AC4,
				3B5FFB856C166A587586D4F6,
				34F904BDB37A1C21B1325D01,
				0EFF2DCCB432E3F5577733E9,
				625699A70D44BA7489474F6F,
				E4F064BEE65E81F7801541CB,
				826A76ADFD369CCE634752AB,
				ACA37610ADD0CA78A7F79920,
				5EB07D67AF7247E6964E93FA,
				FCEC66A660CE3C33269D575B,
				311FAAB302499FFE2990D4B3,
				AE272BB39990AE8A1F366923,
			);
			runOnlyForDeploymentPostprocessing = 0;
		};
/* End PBXSourcesBuildPhase section */

/* Begin XCBuildConfiguration section */
		0429541A3F0B7B454B8DAEB4 /* Release */ = {
			isa = XCBuildConfiguration;
			buildSettings = {
				ALWAYS_SEARCH_USER_PATHS = NO;
				CLANG_ENABLE_OBJC_WEAK = YES;
				CLANG_WARN_BLOCK_CAPTURE_AUTORELEASING = YES;
				CLANG_WARN_BOOL_CONVERSION = YES;
				CLANG_WARN_COMMA = YES;
				CLANG_WARN_CONSTANT_CONVERSION = YES;
				CLANG_WARN_DEPRECATED_OBJC_IMPLEMENTATIONS = YES;
				CLANG_WARN_EMPTY_BODY = YES;
				CLANG_WARN_ENUM_CONVERSION = YES;
				CLANG_WARN_INFINITE_RECURSION = YES;
				CLANG_WARN_INT_CONVERSION = YES;
				CLANG_WARN_NON_LITERAL_NULL_CONVERSION = YES;
				CLANG_WARN_OBJC_IMPLICIT_RETAIN_SELF = YES;
				CLANG_WARN_OBJC_LITERAL_CONVERSION = YES;
				CLANG_WARN_RANGE_LOOP_ANALYSIS = YES;
				CLANG_WARN_STRICT_PROTOTYPES = YES;
				CLANG_WARN_SUSPICIOUS_MOVE = YES;
				CLANG_WARN_UNREACHABLE_CODE = YES;
				CLANG_WARN__DUPLICATE_METHOD_MATCH = YES;
				DEBUG_INFORMATION_FORMAT = dwarf;
				ENABLE_STRICT_OBJC_MSGSEND = YES;
				ENABLE_TESTABILITY = NO;
				GCC_C_LANGUAGE_STANDARD = c11;
				GCC_INLINES_ARE_PRIVATE_EXTERN = YES;
				GCC_MODEL_TUNING = G5;
				GCC_NO_COMMON_BLOCKS = YES;
				GCC_SYMBOLS_PRIVATE_EXTERN = YES;
				GCC_WARN_64_TO_32_BIT_CONVERSION = YES;
				GCC_WARN_ABOUT_RETURN_TYPE = YES;
				GCC_WARN_CHECK_SWITCH_STATEMENTS = YES;
				GCC_WARN_MISSING_PARENTHESES = YES;
				GCC_WARN_NON_VIRTUAL_DESTRUCTOR = YES;
				GCC_WARN_TYPECHECK_CALLS_TO_PRINTF = YES;
				GCC_WARN_UNDECLARED_SELECTOR = YES;
				GCC_WARN_UNINITIALIZED_AUTOS = YES;
				GCC_WARN_UNUSED_FUNCTION = YES;
				GCC_WARN_UNUSED_VARIABLE = YES;
				PRODUCT_NAME = "AudioLayers_v0.1";
				SDKROOT = macosx;
				WARNING_CFLAGS = "-Wreorder";
				ZERO_LINK = NO;
			};
			name = Release;
		};
		16362E2A87AAF73C1DE16EA3 /* Debug */ = {
			isa = XCBuildConfiguration;
			buildSettings = {
				CLANG_CXX_LANGUAGE_STANDARD = "c++17";
				CLANG_CXX_LIBRARY = "libc++";
				CLANG_LINK_OBJC_RUNTIME = NO;
				COMBINE_HIDPI_IMAGES = YES;
				CONFIGURATION_BUILD_DIR = "$(PROJECT_DIR)/build/$(CONFIGURATION)";
				COPY_PHASE_STRIP = NO;
				EXCLUDED_ARCHS = "";
				GCC_DYNAMIC_NO_PIC = NO;
				GCC_OPTIMIZATION_LEVEL = 0;
				GCC_PREPROCESSOR_DEFINITIONS = (
					"_DEBUG=1",
					"DEBUG=1",
					"JUCE_DISPLAY_SPLASH_SCREEN=1",
					"JUCE_USE_DARK_SPLASH_SCREEN=1",
					"JUCE_PROJUCER_VERSION=0x70009",
					"JUCE_MODULE_AVAILABLE_juce_audio_basics=1",
					"JUCE_MODULE_AVAILABLE_juce_audio_devices=1",
					"JUCE_MODULE_AVAILABLE_juce_audio_formats=1",
					"JUCE_MODULE_AVAILABLE_juce_audio_processors=1",
					"JUCE_MODULE_AVAILABLE_juce_audio_utils=1",
					"JUCE_MODULE_AVAILABLE_juce_core=1",
					"JUCE_MODULE_AVAILABLE_juce_data_structures=1",
					"JUCE_MODULE_AVAILABLE_juce_events=1",
					"JUCE_MODULE_AVAILABLE_juce_graphics=1",
					"JUCE_MODULE_AVAILABLE_juce_gui_basics=1",
					"JUCE_MODULE_AVAILABLE_juce_gui_extra=1",
					"JUCE_GLOBAL_MODULE_SETTINGS_INCLUDED=1",
					"JUCE_STRICT_REFCOUNTEDPOINTER=1",
					"JUCE_STANDALONE_APPLICATION=1",
					"JUCE_MODAL_LOOPS_PERMITTED=1",
					"JUCER_XCODE_MAC_F6D2F4CF=1",
					"JUCE_APP_VERSION=1.0.0",
					"JUCE_APP_VERSION_HEX=0x10000",
					"JucePlugin_Build_VST=0",
					"JucePlugin_Build_VST3=0",
					"JucePlugin_Build_AU=0",
					"JucePlugin_Build_AUv3=0",
					"JucePlugin_Build_AAX=0",
					"JucePlugin_Build_Standalone=0",
					"JucePlugin_Build_Unity=0",
					"JucePlugin_Build_LV2=0",
				);
				GCC_VERSION = com.apple.compilers.llvm.clang.1_0;
				HEADER_SEARCH_PATHS = (
					"$(SRCROOT)/../../JuceLibraryCode",
					"/Users/klaasklee/DATA/GitHub/audioLayersJUCE/JUCE/modules",
					"$(inherited)",
				);
				INFOPLIST_FILE = Info-App.plist;
				INFOPLIST_PREPROCESS = NO;
				INSTALL_PATH = "$(HOME)/Applications";
				MACOSX_DEPLOYMENT_TARGET = 10.13;
				MTL_HEADER_SEARCH_PATHS = "$(SRCROOT)/../../JuceLibraryCode /Users/klaasklee/DATA/GitHub/audioLayersJUCE/JUCE/modules";
				PRODUCT_BUNDLE_IDENTIFIER = com.yourcompany.AudioLayers_v0_1;
				PRODUCT_NAME = "AudioLayers_v0.1";
				USE_HEADERMAP = NO;
				VALID_ARCHS = "i386 x86_64 arm64 arm64e";
			};
			name = Debug;
		};
		7BF517AEAE152C7E027348AE /* Release */ = {
			isa = XCBuildConfiguration;
			buildSettings = {
				CLANG_CXX_LANGUAGE_STANDARD = "c++17";
				CLANG_CXX_LIBRARY = "libc++";
				CLANG_LINK_OBJC_RUNTIME = NO;
				COMBINE_HIDPI_IMAGES = YES;
				CONFIGURATION_BUILD_DIR = "$(PROJECT_DIR)/build/$(CONFIGURATION)";
				DEAD_CODE_STRIPPING = YES;
				EXCLUDED_ARCHS = "";
				GCC_GENERATE_DEBUGGING_SYMBOLS = NO;
				GCC_OPTIMIZATION_LEVEL = 3;
				GCC_PREPROCESSOR_DEFINITIONS = (
					"_NDEBUG=1",
					"NDEBUG=1",
					"JUCE_DISPLAY_SPLASH_SCREEN=1",
					"JUCE_USE_DARK_SPLASH_SCREEN=1",
					"JUCE_PROJUCER_VERSION=0x70009",
					"JUCE_MODULE_AVAILABLE_juce_audio_basics=1",
					"JUCE_MODULE_AVAILABLE_juce_audio_devices=1",
					"JUCE_MODULE_AVAILABLE_juce_audio_formats=1",
					"JUCE_MODULE_AVAILABLE_juce_audio_processors=1",
					"JUCE_MODULE_AVAILABLE_juce_audio_utils=1",
					"JUCE_MODULE_AVAILABLE_juce_core=1",
					"JUCE_MODULE_AVAILABLE_juce_data_structures=1",
					"JUCE_MODULE_AVAILABLE_juce_events=1",
					"JUCE_MODULE_AVAILABLE_juce_graphics=1",
					"JUCE_MODULE_AVAILABLE_juce_gui_basics=1",
					"JUCE_MODULE_AVAILABLE_juce_gui_extra=1",
					"JUCE_GLOBAL_MODULE_SETTINGS_INCLUDED=1",
					"JUCE_STRICT_REFCOUNTEDPOINTER=1",
					"JUCE_STANDALONE_APPLICATION=1",
					"JUCE_MODAL_LOOPS_PERMITTED=1",
					"JUCER_XCODE_MAC_F6D2F4CF=1",
					"JUCE_APP_VERSION=1.0.0",
					"JUCE_APP_VERSION_HEX=0x10000",
					"JucePlugin_Build_VST=0",
					"JucePlugin_Build_VST3=0",
					"JucePlugin_Build_AU=0",
					"JucePlugin_Build_AUv3=0",
					"JucePlugin_Build_AAX=0",
					"JucePlugin_Build_Standalone=0",
					"JucePlugin_Build_Unity=0",
					"JucePlugin_Build_LV2=0",
				);
				GCC_VERSION = com.apple.compilers.llvm.clang.1_0;
				HEADER_SEARCH_PATHS = (
					"$(SRCROOT)/../../JuceLibraryCode",
					"/Users/klaasklee/DATA/GitHub/audioLayersJUCE/JUCE/modules",
					"$(inherited)",
				);
				INFOPLIST_FILE = Info-App.plist;
				INFOPLIST_PREPROCESS = NO;
				INSTALL_PATH = "$(HOME)/Applications";
				LLVM_LTO = YES;
				MACOSX_DEPLOYMENT_TARGET = 10.13;
				MTL_HEADER_SEARCH_PATHS = "$(SRCROOT)/../../JuceLibraryCode /Users/klaasklee/DATA/GitHub/audioLayersJUCE/JUCE/modules";
				PRODUCT_BUNDLE_IDENTIFIER = com.yourcompany.AudioLayers_v0_1;
				PRODUCT_NAME = "AudioLayers_v0.1";
				USE_HEADERMAP = NO;
				VALID_ARCHS = "i386 x86_64 arm64 arm64e";
			};
			name = Release;
		};
		E552BBA053187155270E6A2A /* Debug */ = {
			isa = XCBuildConfiguration;
			buildSettings = {
				ALWAYS_SEARCH_USER_PATHS = NO;
				CLANG_ENABLE_OBJC_WEAK = YES;
				CLANG_WARN_BLOCK_CAPTURE_AUTORELEASING = YES;
				CLANG_WARN_BOOL_CONVERSION = YES;
				CLANG_WARN_COMMA = YES;
				CLANG_WARN_CONSTANT_CONVERSION = YES;
				CLANG_WARN_DEPRECATED_OBJC_IMPLEMENTATIONS = YES;
				CLANG_WARN_EMPTY_BODY = YES;
				CLANG_WARN_ENUM_CONVERSION = YES;
				CLANG_WARN_INFINITE_RECURSION = YES;
				CLANG_WARN_INT_CONVERSION = YES;
				CLANG_WARN_NON_LITERAL_NULL_CONVERSION = YES;
				CLANG_WARN_OBJC_IMPLICIT_RETAIN_SELF = YES;
				CLANG_WARN_OBJC_LITERAL_CONVERSION = YES;
				CLANG_WARN_RANGE_LOOP_ANALYSIS = YES;
				CLANG_WARN_STRICT_PROTOTYPES = YES;
				CLANG_WARN_SUSPICIOUS_MOVE = YES;
				CLANG_WARN_UNREACHABLE_CODE = YES;
				CLANG_WARN__DUPLICATE_METHOD_MATCH = YES;
				DEBUG_INFORMATION_FORMAT = dwarf;
				ENABLE_STRICT_OBJC_MSGSEND = YES;
				ENABLE_TESTABILITY = NO;
				GCC_C_LANGUAGE_STANDARD = c11;
				GCC_INLINES_ARE_PRIVATE_EXTERN = YES;
				GCC_MODEL_TUNING = G5;
				GCC_NO_COMMON_BLOCKS = YES;
				GCC_SYMBOLS_PRIVATE_EXTERN = YES;
				GCC_WARN_64_TO_32_BIT_CONVERSION = YES;
				GCC_WARN_ABOUT_RETURN_TYPE = YES;
				GCC_WARN_CHECK_SWITCH_STATEMENTS = YES;
				GCC_WARN_MISSING_PARENTHESES = YES;
				GCC_WARN_NON_VIRTUAL_DESTRUCTOR = YES;
				GCC_WARN_TYPECHECK_CALLS_TO_PRINTF = YES;
				GCC_WARN_UNDECLARED_SELECTOR = YES;
				GCC_WARN_UNINITIALIZED_AUTOS = YES;
				GCC_WARN_UNUSED_FUNCTION = YES;
				GCC_WARN_UNUSED_VARIABLE = YES;
				ONLY_ACTIVE_ARCH = YES;
				PRODUCT_NAME = "AudioLayers_v0.1";
				SDKROOT = macosx;
				WARNING_CFLAGS = "-Wreorder";
				ZERO_LINK = NO;
			};
			name = Debug;
		};
/* End XCBuildConfiguration section */

/* Begin XCConfigurationList section */
		06D7619B3872D35F85D37CB8 = {
			isa = XCConfigurationList;
			buildConfigurations = (
				16362E2A87AAF73C1DE16EA3,
				7BF517AEAE152C7E027348AE,
			);
			defaultConfigurationIsVisible = 0;
			defaultConfigurationName = Debug;
		};
		82CFE7506F4FD4F84078D1E0 = {
			isa = XCConfigurationList;
			buildConfigurations = (
				0429541A3F0B7B454B8DAEB4,
				E552BBA053187155270E6A2A,
			);
			defaultConfigurationIsVisible = 0;
			defaultConfigurationName = Debug;
		};
/* End XCConfigurationList section */
	};
	rootObject = 5A42375864A93ED490310674 /* Project object */;
}
